
Microsoft Visual Studio Solution File, Format Version 12.00
# Visual Studio 15
VisualStudioVersion = 15.0.28307.271
MinimumVisualStudioVersion = 10.0.40219.1
Project("{888888A0-9F3D-457C-B088-3A5042F75D52}") = "PythonW3Schools", "PythonW3Schools\PythonW3Schools.pyproj", "{CE61AB95-33CE-45C4-9D35-233420B535F6}"
EndProject
Global
	GlobalSection(SolutionConfigurationPlatforms) = preSolution
		Debug|Any CPU = Debug|Any CPU
		Release|Any CPU = Release|Any CPU
	EndGlobalSection
	GlobalSection(ProjectConfigurationPlatforms) = postSolution
		{CE61AB95-33CE-45C4-9D35-233420B535F6}.Debug|Any CPU.ActiveCfg = Debug|Any CPU
		{CE61AB95-33CE-45C4-9D35-233420B535F6}.Release|Any CPU.ActiveCfg = Release|Any CPU
	EndGlobalSection
	GlobalSection(SolutionProperties) = preSolution
		HideSolutionNode = FALSE
	EndGlobalSection
	GlobalSection(ExtensibilityGlobals) = postSolution
		SolutionGuid = {7DDA9BF0-BB07-4454-908E-2D3B31A130D9}
	EndGlobalSection
EndGlobal
